
Microsoft Visual Studio Solution File, Format Version 12.00
# Visual Studio Version 16
VisualStudioVersion = 16.0.29920.165
MinimumVisualStudioVersion = 10.0.40219.1
Project("{8BC9CEB8-8B4A-11D0-8D11-00A0C91BC942}") = "csc213-inclass-STL", "csc213-inclass-STL.vcxproj", "{1C871DA5-D8CF-4222-9927-56A404590EC2}"
EndProject
Project("{8BC9CEB8-8B4A-11D0-8D11-00A0C91BC942}") = "iterators", "iterators\iterators.vcxproj", "{D555BDEA-E9BB-46D3-95B3-EB5E1522F9A3}"
EndProject
Project("{8BC9CEB8-8B4A-11D0-8D11-00A0C91BC942}") = "lists", "lists\lists.vcxproj", "{85756137-D506-401B-92B5-EEA34EBF1BE3}"
EndProject
Project("{8BC9CEB8-8B4A-11D0-8D11-00A0C91BC942}") = "exercise", "exercise\exercise.vcxproj", "{83FE72D3-6457-4B10-A75B-DE4E74C506FF}"
EndProject
Project("{8BC9CEB8-8B4A-11D0-8D11-00A0C91BC942}") = "priority_queue", "..\priority_queue\priority_queue.vcxproj", "{5D536C08-DFFB-42A7-8097-4A06E2AED152}"
EndProject
Project("{8BC9CEB8-8B4A-11D0-8D11-00A0C91BC942}") = "queue", "..\queue\queue.vcxproj", "{CD38CBA4-3D94-4213-82EC-4C8D7E4477BF}"
EndProject
Project("{8BC9CEB8-8B4A-11D0-8D11-00A0C91BC942}") = "map", "..\map\map.vcxproj", "{66521D48-F21E-4855-90F6-3F6ABDB39587}"
EndProject
Global
	GlobalSection(SolutionConfigurationPlatforms) = preSolution
		Debug|x64 = Debug|x64
		Debug|x86 = Debug|x86
		Release|x64 = Release|x64
		Release|x86 = Release|x86
	EndGlobalSection
	GlobalSection(ProjectConfigurationPlatforms) = postSolution
		{1C871DA5-D8CF-4222-9927-56A404590EC2}.Debug|x64.ActiveCfg = Debug|x64
		{1C871DA5-D8CF-4222-9927-56A404590EC2}.Debug|x64.Build.0 = Debug|x64
		{1C871DA5-D8CF-4222-9927-56A404590EC2}.Debug|x86.ActiveCfg = Debug|Win32
		{1C871DA5-D8CF-4222-9927-56A404590EC2}.Debug|x86.Build.0 = Debug|Win32
		{1C871DA5-D8CF-4222-9927-56A404590EC2}.Release|x64.ActiveCfg = Release|x64
		{1C871DA5-D8CF-4222-9927-56A404590EC2}.Release|x64.Build.0 = Release|x64
		{1C871DA5-D8CF-4222-9927-56A404590EC2}.Release|x86.ActiveCfg = Release|Win32
		{1C871DA5-D8CF-4222-9927-56A404590EC2}.Release|x86.Build.0 = Release|Win32
		{D555BDEA-E9BB-46D3-95B3-EB5E1522F9A3}.Debug|x64.ActiveCfg = Debug|x64
		{D555BDEA-E9BB-46D3-95B3-EB5E1522F9A3}.Debug|x64.Build.0 = Debug|x64
		{D555BDEA-E9BB-46D3-95B3-EB5E1522F9A3}.Debug|x86.ActiveCfg = Debug|Win32
		{D555BDEA-E9BB-46D3-95B3-EB5E1522F9A3}.Debug|x86.Build.0 = Debug|Win32
		{D555BDEA-E9BB-46D3-95B3-EB5E1522F9A3}.Release|x64.ActiveCfg = Release|x64
		{D555BDEA-E9BB-46D3-95B3-EB5E1522F9A3}.Release|x64.Build.0 = Release|x64
		{D555BDEA-E9BB-46D3-95B3-EB5E1522F9A3}.Release|x86.ActiveCfg = Release|Win32
		{D555BDEA-E9BB-46D3-95B3-EB5E1522F9A3}.Release|x86.Build.0 = Release|Win32
		{85756137-D506-401B-92B5-EEA34EBF1BE3}.Debug|x64.ActiveCfg = Debug|x64
		{85756137-D506-401B-92B5-EEA34EBF1BE3}.Debug|x64.Build.0 = Debug|x64
		{85756137-D506-401B-92B5-EEA34EBF1BE3}.Debug|x86.ActiveCfg = Debug|Win32
		{85756137-D506-401B-92B5-EEA34EBF1BE3}.Debug|x86.Build.0 = Debug|Win32
		{85756137-D506-401B-92B5-EEA34EBF1BE3}.Release|x64.ActiveCfg = Release|x64
		{85756137-D506-401B-92B5-EEA34EBF1BE3}.Release|x64.Build.0 = Release|x64
		{85756137-D506-401B-92B5-EEA34EBF1BE3}.Release|x86.ActiveCfg = Release|Win32
		{85756137-D506-401B-92B5-EEA34EBF1BE3}.Release|x86.Build.0 = Release|Win32
		{83FE72D3-6457-4B10-A75B-DE4E74C506FF}.Debug|x64.ActiveCfg = Debug|x64
		{83FE72D3-6457-4B10-A75B-DE4E74C506FF}.Debug|x64.Build.0 = Debug|x64
		{83FE72D3-6457-4B10-A75B-DE4E74C506FF}.Debug|x86.ActiveCfg = Debug|Win32
		{83FE72D3-6457-4B10-A75B-DE4E74C506FF}.Debug|x86.Build.0 = Debug|Win32
		{83FE72D3-6457-4B10-A75B-DE4E74C506FF}.Release|x64.ActiveCfg = Release|x64
		{83FE72D3-6457-4B10-A75B-DE4E74C506FF}.Release|x64.Build.0 = Release|x64
		{83FE72D3-6457-4B10-A75B-DE4E74C506FF}.Release|x86.ActiveCfg = Release|Win32
		{83FE72D3-6457-4B10-A75B-DE4E74C506FF}.Release|x86.Build.0 = Release|Win32
		{5D536C08-DFFB-42A7-8097-4A06E2AED152}.Debug|x64.ActiveCfg = Debug|x64
		{5D536C08-DFFB-42A7-8097-4A06E2AED152}.Debug|x64.Build.0 = Debug|x64
		{5D536C08-DFFB-42A7-8097-4A06E2AED152}.Debug|x86.ActiveCfg = Debug|Win32
		{5D536C08-DFFB-42A7-8097-4A06E2AED152}.Debug|x86.Build.0 = Debug|Win32
		{5D536C08-DFFB-42A7-8097-4A06E2AED152}.Release|x64.ActiveCfg = Release|x64
		{5D536C08-DFFB-42A7-8097-4A06E2AED152}.Release|x64.Build.0 = Release|x64
		{5D536C08-DFFB-42A7-8097-4A06E2AED152}.Release|x86.ActiveCfg = Release|Win32
		{5D536C08-DFFB-42A7-8097-4A06E2AED152}.Release|x86.Build.0 = Release|Win32
		{CD38CBA4-3D94-4213-82EC-4C8D7E4477BF}.Debug|x64.ActiveCfg = Debug|x64
		{CD38CBA4-3D94-4213-82EC-4C8D7E4477BF}.Debug|x64.Build.0 = Debug|x64
		{CD38CBA4-3D94-4213-82EC-4C8D7E4477BF}.Debug|x86.ActiveCfg = Debug|Win32
		{CD38CBA4-3D94-4213-82EC-4C8D7E4477BF}.Debug|x86.Build.0 = Debug|Win32
		{CD38CBA4-3D94-4213-82EC-4C8D7E4477BF}.Release|x64.ActiveCfg = Release|x64
		{CD38CBA4-3D94-4213-82EC-4C8D7E4477BF}.Release|x64.Build.0 = Release|x64
		{CD38CBA4-3D94-4213-82EC-4C8D7E4477BF}.Release|x86.ActiveCfg = Release|Win32
		{CD38CBA4-3D94-4213-82EC-4C8D7E4477BF}.Release|x86.Build.0 = Release|Win32
		{66521D48-F21E-4855-90F6-3F6ABDB39587}.Debug|x64.ActiveCfg = Debug|x64
		{66521D48-F21E-4855-90F6-3F6ABDB39587}.Debug|x64.Build.0 = Debug|x64
		{66521D48-F21E-4855-90F6-3F6ABDB39587}.Debug|x86.ActiveCfg = Debug|Win32
		{66521D48-F21E-4855-90F6-3F6ABDB39587}.Debug|x86.Build.0 = Debug|Win32
		{66521D48-F21E-4855-90F6-3F6ABDB39587}.Release|x64.ActiveCfg = Release|x64
		{66521D48-F21E-4855-90F6-3F6ABDB39587}.Release|x64.Build.0 = Release|x64
		{66521D48-F21E-4855-90F6-3F6ABDB39587}.Release|x86.ActiveCfg = Release|Win32
		{66521D48-F21E-4855-90F6-3F6ABDB39587}.Release|x86.Build.0 = Release|Win32
	EndGlobalSection
	GlobalSection(SolutionProperties) = preSolution
		HideSolutionNode = FALSE
	EndGlobalSection
	GlobalSection(ExtensibilityGlobals) = postSolution
		SolutionGuid = {CAA6D0A7-E5CF-4DC9-B07D-E86F267FCA6E}
	EndGlobalSection
EndGlobal
